
Microsoft Visual Studio Solution File, Format Version 12.00
# Visual Studio 15
VisualStudioVersion = 15.0.28010.2026
MinimumVisualStudioVersion = 10.0.40219.1
Project("{FAE04EC0-301F-11D3-BF4B-00C04F79EFBC}") = "GlazerCalcUWP-Lao", "GlazerCalcUWP-Lao\GlazerCalcUWP-Lao.csproj", "{FEB9A36E-955F-4D99-95F7-685D685CC465}"
EndProject
Global
	GlobalSection(SolutionConfigurationPlatforms) = preSolution
		Debug|ARM = Debug|ARM
		Debug|x64 = Debug|x64
		Debug|x86 = Debug|x86
		Release|ARM = Release|ARM
		Release|x64 = Release|x64
		Release|x86 = Release|x86
	EndGlobalSection
	GlobalSection(ProjectConfigurationPlatforms) = postSolution
		{FEB9A36E-955F-4D99-95F7-685D685CC465}.Debug|ARM.ActiveCfg = Debug|ARM
		{FEB9A36E-955F-4D99-95F7-685D685CC465}.Debug|ARM.Build.0 = Debug|ARM
		{FEB9A36E-955F-4D99-95F7-685D685CC465}.Debug|ARM.Deploy.0 = Debug|ARM
		{FEB9A36E-955F-4D99-95F7-685D685CC465}.Debug|x64.ActiveCfg = Debug|x64
		{FEB9A36E-955F-4D99-95F7-685D685CC465}.Debug|x64.Build.0 = Debug|x64
		{FEB9A36E-955F-4D99-95F7-685D685CC465}.Debug|x64.Deploy.0 = Debug|x64
		{FEB9A36E-955F-4D99-95F7-685D685CC465}.Debug|x86.ActiveCfg = Debug|x86
		{FEB9A36E-955F-4D99-95F7-685D685CC465}.Debug|x86.Build.0 = Debug|x86
		{FEB9A36E-955F-4D99-95F7-685D685CC465}.Debug|x86.Deploy.0 = Debug|x86
		{FEB9A36E-955F-4D99-95F7-685D685CC465}.Release|ARM.ActiveCfg = Release|ARM
		{FEB9A36E-955F-4D99-95F7-685D685CC465}.Release|ARM.Build.0 = Release|ARM
		{FEB9A36E-955F-4D99-95F7-685D685CC465}.Release|ARM.Deploy.0 = Release|ARM
		{FEB9A36E-955F-4D99-95F7-685D685CC465}.Release|x64.ActiveCfg = Release|x64
		{FEB9A36E-955F-4D99-95F7-685D685CC465}.Release|x64.Build.0 = Release|x64
		{FEB9A36E-955F-4D99-95F7-685D685CC465}.Release|x64.Deploy.0 = Release|x64
		{FEB9A36E-955F-4D99-95F7-685D685CC465}.Release|x86.ActiveCfg = Release|x86
		{FEB9A36E-955F-4D99-95F7-685D685CC465}.Release|x86.Build.0 = Release|x86
		{FEB9A36E-955F-4D99-95F7-685D685CC465}.Release|x86.Deploy.0 = Release|x86
	EndGlobalSection
	GlobalSection(SolutionProperties) = preSolution
		HideSolutionNode = FALSE
	EndGlobalSection
	GlobalSection(ExtensibilityGlobals) = postSolution
		SolutionGuid = {460C32DE-3B23-448B-9B1C-9B19F8857FBF}
	EndGlobalSection
EndGlobal
